{
  "socketPath": "/tmp/mcp-XdASqU/mcp.sock",
  "scheme": "unix",
  "headers": {
    "Authorization": "Nonce 0c92a55f-7130-4de4-93f5-090171db3b53"
  },
  "pid": 74968,
  "ideName": "Visual Studio Code",
  "timestamp": 1774167491392,
  "workspaceFolders": [
    "/home/ubuntu"
  ],
  "isTrusted": true
}